
Microsoft Visual Studio Solution File, Format Version 12.00
# Visual Studio Version 17
VisualStudioVersion = 17.3.32929.385
MinimumVisualStudioVersion = 10.0.40219.1
Project("{FAE04EC0-301F-11D3-BF4B-00C04F79EFBC}") = "HashTableChallenge", "HashTableChallenge\HashTableChallenge.csproj", "{D02364DC-8945-48AB-B582-44FE5BBDCE9E}"
EndProject
Global
	GlobalSection(SolutionConfigurationPlatforms) = preSolution
		Debug|Any CPU = Debug|Any CPU
		Release|Any CPU = Release|Any CPU
	EndGlobalSection
	GlobalSection(ProjectConfigurationPlatforms) = postSolution
		{D02364DC-8945-48AB-B582-44FE5BBDCE9E}.Debug|Any CPU.ActiveCfg = Debug|Any CPU
		{D02364DC-8945-48AB-B582-44FE5BBDCE9E}.Debug|Any CPU.Build.0 = Debug|Any CPU
		{D02364DC-8945-48AB-B582-44FE5BBDCE9E}.Release|Any CPU.ActiveCfg = Release|Any CPU
		{D02364DC-8945-48AB-B582-44FE5BBDCE9E}.Release|Any CPU.Build.0 = Release|Any CPU
	EndGlobalSection
	GlobalSection(SolutionProperties) = preSolution
		HideSolutionNode = FALSE
	EndGlobalSection
	GlobalSection(ExtensibilityGlobals) = postSolution
		SolutionGuid = {4F330EB3-FA58-476E-B148-077F8B8F69B1}
	EndGlobalSection
EndGlobal
